
Microsoft Visual Studio Solution File, Format Version 12.00
# Visual Studio 15
VisualStudioVersion = 15.0.26403.3
MinimumVisualStudioVersion = 10.0.40219.1
Project("{FAE04EC0-301F-11D3-BF4B-00C04F79EFBC}") = "HLX.OA.Model", "HLX.OA.Model\HLX.OA.Model.csproj", "{0EB43F15-DAE7-47C4-8587-6D7D26D58678}"
EndProject
Project("{FAE04EC0-301F-11D3-BF4B-00C04F79EFBC}") = "HLX.OA.Common", "HLX.OA.Common\HLX.OA.Common.csproj", "{4CFE274C-1A82-436B-A545-656EDB8A5919}"
EndProject
Project("{FAE04EC0-301F-11D3-BF4B-00C04F79EFBC}") = "HLX.OA.DAL", "HLX.OA.Dal\HLX.OA.DAL.csproj", "{68B6F262-CC37-40F2-86DA-7337F1CD4057}"
EndProject
Project("{FAE04EC0-301F-11D3-BF4B-00C04F79EFBC}") = "HLX.OA.IDAL", "HLX.OA.IDAL\HLX.OA.IDAL.csproj", "{553EF7D9-056A-459C-987F-57A717E3610D}"
EndProject
Project("{FAE04EC0-301F-11D3-BF4B-00C04F79EFBC}") = "HLX.OA.DALFactory", "HLX.OA.DALFactory\HLX.OA.DALFactory.csproj", "{199AA7ED-D555-43D0-AC71-5C279ED8DC1A}"
EndProject
Project("{FAE04EC0-301F-11D3-BF4B-00C04F79EFBC}") = "HLX.OA.IBLL", "HLX.OA.IBLL\HLX.OA.IBLL.csproj", "{098A3E3F-667D-43A9-A7C3-967FFBF788C1}"
EndProject
Project("{FAE04EC0-301F-11D3-BF4B-00C04F79EFBC}") = "HLX.OA.BLL", "HLX.OA.bll\HLX.OA.BLL.csproj", "{39FEE896-595A-448B-8F0B-564D7C9EDA77}"
EndProject
Project("{FAE04EC0-301F-11D3-BF4B-00C04F79EFBC}") = "HLX.OA.WenApp", "HLX.OA.WenApp\HLX.OA.WenApp.csproj", "{0A630E40-F6AB-4911-AC18-D5994B486E39}"
EndProject
Project("{FAE04EC0-301F-11D3-BF4B-00C04F79EFBC}") = "HLX.OA.WenApp.测试", "HLX.OA.WenApp.测试\HLX.OA.WenApp.测试.csproj", "{5937F0D2-723F-4C01-84AF-5769E5172222}"
EndProject
Project("{2150E333-8FDC-42A3-9474-1A3956D46DE8}") = "Spring.NET.Demo", "Spring.NET.Demo", "{8290DA77-EF32-4D47-8C00-C5F8D99FB7E8}"
EndProject
Project("{FAE04EC0-301F-11D3-BF4B-00C04F79EFBC}") = "Demo", "Demo\Demo.csproj", "{4078AEC9-522D-4502-BA2E-840A996C314B}"
EndProject
Project("{2150E333-8FDC-42A3-9474-1A3956D46DE8}") = "MemcacheDemo", "MemcacheDemo", "{82AFC9B3-48B8-4C76-8EE7-9D7BD2F81313}"
EndProject
Project("{FAE04EC0-301F-11D3-BF4B-00C04F79EFBC}") = "Demo1", "Demo1\Demo1.csproj", "{9FAA3EF0-4226-43F6-B7B5-9C19A6CF4469}"
EndProject
Project("{FAE04EC0-301F-11D3-BF4B-00C04F79EFBC}") = "DEMO22", "DEMO22\DEMO22.csproj", "{A9088C56-4F3E-4FF0-B692-FE5E41888A28}"
EndProject
Project("{2150E333-8FDC-42A3-9474-1A3956D46DE8}") = "LuceneNetDemo", "LuceneNetDemo", "{49226FC6-C1CF-4B20-80FB-87EB1CAC1F8A}"
EndProject
Project("{FAE04EC0-301F-11D3-BF4B-00C04F79EFBC}") = "LuceneNetDemo", "LuceneNetDemo\LuceneNetDemo.csproj", "{BB067CF9-3E5A-4DCA-A84C-C3DB6781CE9F}"
EndProject
Project("{FAE04EC0-301F-11D3-BF4B-00C04F79EFBC}") = "HLX.OA.QuartzNet", "HLX.OA.QuartzNet\HLX.OA.QuartzNet.csproj", "{4C934695-2611-4242-9C52-2DF3F644B8EA}"
EndProject
Global
	GlobalSection(SolutionConfigurationPlatforms) = preSolution
		Debug|Any CPU = Debug|Any CPU
		Release|Any CPU = Release|Any CPU
	EndGlobalSection
	GlobalSection(ProjectConfigurationPlatforms) = postSolution
		{0EB43F15-DAE7-47C4-8587-6D7D26D58678}.Debug|Any CPU.ActiveCfg = Debug|Any CPU
		{0EB43F15-DAE7-47C4-8587-6D7D26D58678}.Debug|Any CPU.Build.0 = Debug|Any CPU
		{0EB43F15-DAE7-47C4-8587-6D7D26D58678}.Release|Any CPU.ActiveCfg = Release|Any CPU
		{0EB43F15-DAE7-47C4-8587-6D7D26D58678}.Release|Any CPU.Build.0 = Release|Any CPU
		{4CFE274C-1A82-436B-A545-656EDB8A5919}.Debug|Any CPU.ActiveCfg = Debug|Any CPU
		{4CFE274C-1A82-436B-A545-656EDB8A5919}.Debug|Any CPU.Build.0 = Debug|Any CPU
		{4CFE274C-1A82-436B-A545-656EDB8A5919}.Release|Any CPU.ActiveCfg = Release|Any CPU
		{4CFE274C-1A82-436B-A545-656EDB8A5919}.Release|Any CPU.Build.0 = Release|Any CPU
		{68B6F262-CC37-40F2-86DA-7337F1CD4057}.Debug|Any CPU.ActiveCfg = Debug|Any CPU
		{68B6F262-CC37-40F2-86DA-7337F1CD4057}.Debug|Any CPU.Build.0 = Debug|Any CPU
		{68B6F262-CC37-40F2-86DA-7337F1CD4057}.Release|Any CPU.ActiveCfg = Release|Any CPU
		{68B6F262-CC37-40F2-86DA-7337F1CD4057}.Release|Any CPU.Build.0 = Release|Any CPU
		{553EF7D9-056A-459C-987F-57A717E3610D}.Debug|Any CPU.ActiveCfg = Debug|Any CPU
		{553EF7D9-056A-459C-987F-57A717E3610D}.Debug|Any CPU.Build.0 = Debug|Any CPU
		{553EF7D9-056A-459C-987F-57A717E3610D}.Release|Any CPU.ActiveCfg = Release|Any CPU
		{553EF7D9-056A-459C-987F-57A717E3610D}.Release|Any CPU.Build.0 = Release|Any CPU
		{199AA7ED-D555-43D0-AC71-5C279ED8DC1A}.Debug|Any CPU.ActiveCfg = Debug|Any CPU
		{199AA7ED-D555-43D0-AC71-5C279ED8DC1A}.Debug|Any CPU.Build.0 = Debug|Any CPU
		{199AA7ED-D555-43D0-AC71-5C279ED8DC1A}.Release|Any CPU.ActiveCfg = Release|Any CPU
		{199AA7ED-D555-43D0-AC71-5C279ED8DC1A}.Release|Any CPU.Build.0 = Release|Any CPU
		{098A3E3F-667D-43A9-A7C3-967FFBF788C1}.Debug|Any CPU.ActiveCfg = Debug|Any CPU
		{098A3E3F-667D-43A9-A7C3-967FFBF788C1}.Debug|Any CPU.Build.0 = Debug|Any CPU
		{098A3E3F-667D-43A9-A7C3-967FFBF788C1}.Release|Any CPU.ActiveCfg = Release|Any CPU
		{098A3E3F-667D-43A9-A7C3-967FFBF788C1}.Release|Any CPU.Build.0 = Release|Any CPU
		{39FEE896-595A-448B-8F0B-564D7C9EDA77}.Debug|Any CPU.ActiveCfg = Debug|Any CPU
		{39FEE896-595A-448B-8F0B-564D7C9EDA77}.Debug|Any CPU.Build.0 = Debug|Any CPU
		{39FEE896-595A-448B-8F0B-564D7C9EDA77}.Release|Any CPU.ActiveCfg = Release|Any CPU
		{39FEE896-595A-448B-8F0B-564D7C9EDA77}.Release|Any CPU.Build.0 = Release|Any CPU
		{0A630E40-F6AB-4911-AC18-D5994B486E39}.Debug|Any CPU.ActiveCfg = Debug|Any CPU
		{0A630E40-F6AB-4911-AC18-D5994B486E39}.Debug|Any CPU.Build.0 = Debug|Any CPU
		{0A630E40-F6AB-4911-AC18-D5994B486E39}.Release|Any CPU.ActiveCfg = Release|Any CPU
		{0A630E40-F6AB-4911-AC18-D5994B486E39}.Release|Any CPU.Build.0 = Release|Any CPU
		{5937F0D2-723F-4C01-84AF-5769E5172222}.Debug|Any CPU.ActiveCfg = Debug|Any CPU
		{5937F0D2-723F-4C01-84AF-5769E5172222}.Debug|Any CPU.Build.0 = Debug|Any CPU
		{5937F0D2-723F-4C01-84AF-5769E5172222}.Release|Any CPU.ActiveCfg = Release|Any CPU
		{5937F0D2-723F-4C01-84AF-5769E5172222}.Release|Any CPU.Build.0 = Release|Any CPU
		{4078AEC9-522D-4502-BA2E-840A996C314B}.Debug|Any CPU.ActiveCfg = Debug|Any CPU
		{4078AEC9-522D-4502-BA2E-840A996C314B}.Debug|Any CPU.Build.0 = Debug|Any CPU
		{4078AEC9-522D-4502-BA2E-840A996C314B}.Release|Any CPU.ActiveCfg = Release|Any CPU
		{4078AEC9-522D-4502-BA2E-840A996C314B}.Release|Any CPU.Build.0 = Release|Any CPU
		{9FAA3EF0-4226-43F6-B7B5-9C19A6CF4469}.Debug|Any CPU.ActiveCfg = Debug|Any CPU
		{9FAA3EF0-4226-43F6-B7B5-9C19A6CF4469}.Debug|Any CPU.Build.0 = Debug|Any CPU
		{9FAA3EF0-4226-43F6-B7B5-9C19A6CF4469}.Release|Any CPU.ActiveCfg = Release|Any CPU
		{9FAA3EF0-4226-43F6-B7B5-9C19A6CF4469}.Release|Any CPU.Build.0 = Release|Any CPU
		{A9088C56-4F3E-4FF0-B692-FE5E41888A28}.Debug|Any CPU.ActiveCfg = Debug|Any CPU
		{A9088C56-4F3E-4FF0-B692-FE5E41888A28}.Debug|Any CPU.Build.0 = Debug|Any CPU
		{A9088C56-4F3E-4FF0-B692-FE5E41888A28}.Release|Any CPU.ActiveCfg = Release|Any CPU
		{A9088C56-4F3E-4FF0-B692-FE5E41888A28}.Release|Any CPU.Build.0 = Release|Any CPU
		{BB067CF9-3E5A-4DCA-A84C-C3DB6781CE9F}.Debug|Any CPU.ActiveCfg = Debug|Any CPU
		{BB067CF9-3E5A-4DCA-A84C-C3DB6781CE9F}.Debug|Any CPU.Build.0 = Debug|Any CPU
		{BB067CF9-3E5A-4DCA-A84C-C3DB6781CE9F}.Release|Any CPU.ActiveCfg = Release|Any CPU
		{BB067CF9-3E5A-4DCA-A84C-C3DB6781CE9F}.Release|Any CPU.Build.0 = Release|Any CPU
		{4C934695-2611-4242-9C52-2DF3F644B8EA}.Debug|Any CPU.ActiveCfg = Debug|Any CPU
		{4C934695-2611-4242-9C52-2DF3F644B8EA}.Debug|Any CPU.Build.0 = Debug|Any CPU
		{4C934695-2611-4242-9C52-2DF3F644B8EA}.Release|Any CPU.ActiveCfg = Release|Any CPU
		{4C934695-2611-4242-9C52-2DF3F644B8EA}.Release|Any CPU.Build.0 = Release|Any CPU
	EndGlobalSection
	GlobalSection(SolutionProperties) = preSolution
		HideSolutionNode = FALSE
	EndGlobalSection
	GlobalSection(NestedProjects) = preSolution
		{4078AEC9-522D-4502-BA2E-840A996C314B} = {8290DA77-EF32-4D47-8C00-C5F8D99FB7E8}
		{9FAA3EF0-4226-43F6-B7B5-9C19A6CF4469} = {82AFC9B3-48B8-4C76-8EE7-9D7BD2F81313}
		{A9088C56-4F3E-4FF0-B692-FE5E41888A28} = {82AFC9B3-48B8-4C76-8EE7-9D7BD2F81313}
		{BB067CF9-3E5A-4DCA-A84C-C3DB6781CE9F} = {49226FC6-C1CF-4B20-80FB-87EB1CAC1F8A}
	EndGlobalSection
EndGlobal
